
Microsoft Visual Studio Solution File, Format Version 12.00
# Visual Studio 2013
VisualStudioVersion = 12.0.31101.0
MinimumVisualStudioVersion = 10.0.40219.1
Project("{FAE04EC0-301F-11D3-BF4B-00C04F79EFBC}") = "XmlDocConverter", "XmlDocConverter\XmlDocConverter.csproj", "{C61A3581-09CF-4037-BC18-DC714A8CB08C}"
EndProject
Project("{FAE04EC0-301F-11D3-BF4B-00C04F79EFBC}") = "XmlDocConverter.Tests", "XmlDocConverter.Tests\XmlDocConverter.Tests.csproj", "{7B643BF8-660E-42BF-9183-25F093224C8B}"
EndProject
Global
	GlobalSection(SolutionConfigurationPlatforms) = preSolution
		Debug|Any CPU = Debug|Any CPU
		Release|Any CPU = Release|Any CPU
	EndGlobalSection
	GlobalSection(ProjectConfigurationPlatforms) = postSolution
		{C61A3581-09CF-4037-BC18-DC714A8CB08C}.Debug|Any CPU.ActiveCfg = Debug|Any CPU
		{C61A3581-09CF-4037-BC18-DC714A8CB08C}.Debug|Any CPU.Build.0 = Debug|Any CPU
		{C61A3581-09CF-4037-BC18-DC714A8CB08C}.Release|Any CPU.ActiveCfg = Release|Any CPU
		{C61A3581-09CF-4037-BC18-DC714A8CB08C}.Release|Any CPU.Build.0 = Release|Any CPU
		{7B643BF8-660E-42BF-9183-25F093224C8B}.Debug|Any CPU.ActiveCfg = Debug|Any CPU
		{7B643BF8-660E-42BF-9183-25F093224C8B}.Debug|Any CPU.Build.0 = Debug|Any CPU
		{7B643BF8-660E-42BF-9183-25F093224C8B}.Release|Any CPU.ActiveCfg = Release|Any CPU
		{7B643BF8-660E-42BF-9183-25F093224C8B}.Release|Any CPU.Build.0 = Release|Any CPU
	EndGlobalSection
	GlobalSection(SolutionProperties) = preSolution
		HideSolutionNode = FALSE
	EndGlobalSection
EndGlobal
